
Microsoft Visual Studio Solution File, Format Version 12.00
# Visual Studio 2012
Project("{FAE04EC0-301F-11D3-BF4B-00C04F79EFBC}") = "BinaryCalendar.Web.Service", "BinaryCalendar.Web.Service\BinaryCalendar.Web.Service.csproj", "{B3B29F52-9EDF-4E2C-ADFA-926374B80C6F}"
EndProject
Project("{FAE04EC0-301F-11D3-BF4B-00C04F79EFBC}") = "BinaryCalendar.Utilities", "BinaryCalendar.Utilities\BinaryCalendar.Utilities.csproj", "{D50078E3-EC0B-4092-B5CD-0D473C94CF0D}"
EndProject
Project("{FAE04EC0-301F-11D3-BF4B-00C04F79EFBC}") = "BinaryCalendar.ORM", "BinaryCalendar.ORM\BinaryCalendar.ORM.csproj", "{B977833A-4AAE-4D1B-90CC-AFEE173518C9}"
EndProject
Project("{FAE04EC0-301F-11D3-BF4B-00C04F79EFBC}") = "BinaryCalendar.DTO", "BinaryCalendar.DTO\BinaryCalendar.DTO.csproj", "{2F93F4BD-682B-4B1C-904D-0BCF65F60B75}"
EndProject
Project("{FAE04EC0-301F-11D3-BF4B-00C04F79EFBC}") = "BinaryCalendar.Web.Site", "BinaryCalendar.Web.Site\BinaryCalendar.Web.Site.csproj", "{43C31137-4D8A-43F5-A2EA-9617B7217DAB}"
EndProject
Project("{FAE04EC0-301F-11D3-BF4B-00C04F79EFBC}") = "Figlut.Server.Toolkit.45", "..\..\..\..\Figlut-Suite\source\trunk\Windows\Figlut.Server.Toolkit.45\Figlut.Server.Toolkit.45.csproj", "{A7C9A24D-E19B-42F5-A298-805A489334EF}"
EndProject
Global
	GlobalSection(SolutionConfigurationPlatforms) = preSolution
		CD_ROM|Any CPU = CD_ROM|Any CPU
		Debug|Any CPU = Debug|Any CPU
		DVD-5|Any CPU = DVD-5|Any CPU
		Release|Any CPU = Release|Any CPU
		SingleImage|Any CPU = SingleImage|Any CPU
	EndGlobalSection
	GlobalSection(ProjectConfigurationPlatforms) = postSolution
		{B3B29F52-9EDF-4E2C-ADFA-926374B80C6F}.CD_ROM|Any CPU.ActiveCfg = Release|Any CPU
		{B3B29F52-9EDF-4E2C-ADFA-926374B80C6F}.CD_ROM|Any CPU.Build.0 = Release|Any CPU
		{B3B29F52-9EDF-4E2C-ADFA-926374B80C6F}.Debug|Any CPU.ActiveCfg = Debug|Any CPU
		{B3B29F52-9EDF-4E2C-ADFA-926374B80C6F}.Debug|Any CPU.Build.0 = Debug|Any CPU
		{B3B29F52-9EDF-4E2C-ADFA-926374B80C6F}.DVD-5|Any CPU.ActiveCfg = Debug|Any CPU
		{B3B29F52-9EDF-4E2C-ADFA-926374B80C6F}.DVD-5|Any CPU.Build.0 = Debug|Any CPU
		{B3B29F52-9EDF-4E2C-ADFA-926374B80C6F}.Release|Any CPU.ActiveCfg = Release|Any CPU
		{B3B29F52-9EDF-4E2C-ADFA-926374B80C6F}.Release|Any CPU.Build.0 = Release|Any CPU
		{B3B29F52-9EDF-4E2C-ADFA-926374B80C6F}.SingleImage|Any CPU.ActiveCfg = Release|Any CPU
		{B3B29F52-9EDF-4E2C-ADFA-926374B80C6F}.SingleImage|Any CPU.Build.0 = Release|Any CPU
		{D50078E3-EC0B-4092-B5CD-0D473C94CF0D}.CD_ROM|Any CPU.ActiveCfg = Release|Any CPU
		{D50078E3-EC0B-4092-B5CD-0D473C94CF0D}.CD_ROM|Any CPU.Build.0 = Release|Any CPU
		{D50078E3-EC0B-4092-B5CD-0D473C94CF0D}.Debug|Any CPU.ActiveCfg = Debug|Any CPU
		{D50078E3-EC0B-4092-B5CD-0D473C94CF0D}.Debug|Any CPU.Build.0 = Debug|Any CPU
		{D50078E3-EC0B-4092-B5CD-0D473C94CF0D}.DVD-5|Any CPU.ActiveCfg = Debug|Any CPU
		{D50078E3-EC0B-4092-B5CD-0D473C94CF0D}.DVD-5|Any CPU.Build.0 = Debug|Any CPU
		{D50078E3-EC0B-4092-B5CD-0D473C94CF0D}.Release|Any CPU.ActiveCfg = Release|Any CPU
		{D50078E3-EC0B-4092-B5CD-0D473C94CF0D}.Release|Any CPU.Build.0 = Release|Any CPU
		{D50078E3-EC0B-4092-B5CD-0D473C94CF0D}.SingleImage|Any CPU.ActiveCfg = Release|Any CPU
		{D50078E3-EC0B-4092-B5CD-0D473C94CF0D}.SingleImage|Any CPU.Build.0 = Release|Any CPU
		{B977833A-4AAE-4D1B-90CC-AFEE173518C9}.CD_ROM|Any CPU.ActiveCfg = Release|Any CPU
		{B977833A-4AAE-4D1B-90CC-AFEE173518C9}.CD_ROM|Any CPU.Build.0 = Release|Any CPU
		{B977833A-4AAE-4D1B-90CC-AFEE173518C9}.Debug|Any CPU.ActiveCfg = Debug|Any CPU
		{B977833A-4AAE-4D1B-90CC-AFEE173518C9}.Debug|Any CPU.Build.0 = Debug|Any CPU
		{B977833A-4AAE-4D1B-90CC-AFEE173518C9}.DVD-5|Any CPU.ActiveCfg = Debug|Any CPU
		{B977833A-4AAE-4D1B-90CC-AFEE173518C9}.DVD-5|Any CPU.Build.0 = Debug|Any CPU
		{B977833A-4AAE-4D1B-90CC-AFEE173518C9}.Release|Any CPU.ActiveCfg = Release|Any CPU
		{B977833A-4AAE-4D1B-90CC-AFEE173518C9}.Release|Any CPU.Build.0 = Release|Any CPU
		{B977833A-4AAE-4D1B-90CC-AFEE173518C9}.SingleImage|Any CPU.ActiveCfg = Release|Any CPU
		{B977833A-4AAE-4D1B-90CC-AFEE173518C9}.SingleImage|Any CPU.Build.0 = Release|Any CPU
		{2F93F4BD-682B-4B1C-904D-0BCF65F60B75}.CD_ROM|Any CPU.ActiveCfg = Release|Any CPU
		{2F93F4BD-682B-4B1C-904D-0BCF65F60B75}.CD_ROM|Any CPU.Build.0 = Release|Any CPU
		{2F93F4BD-682B-4B1C-904D-0BCF65F60B75}.Debug|Any CPU.ActiveCfg = Debug|Any CPU
		{2F93F4BD-682B-4B1C-904D-0BCF65F60B75}.Debug|Any CPU.Build.0 = Debug|Any CPU
		{2F93F4BD-682B-4B1C-904D-0BCF65F60B75}.DVD-5|Any CPU.ActiveCfg = Debug|Any CPU
		{2F93F4BD-682B-4B1C-904D-0BCF65F60B75}.DVD-5|Any CPU.Build.0 = Debug|Any CPU
		{2F93F4BD-682B-4B1C-904D-0BCF65F60B75}.Release|Any CPU.ActiveCfg = Release|Any CPU
		{2F93F4BD-682B-4B1C-904D-0BCF65F60B75}.Release|Any CPU.Build.0 = Release|Any CPU
		{2F93F4BD-682B-4B1C-904D-0BCF65F60B75}.SingleImage|Any CPU.ActiveCfg = Release|Any CPU
		{2F93F4BD-682B-4B1C-904D-0BCF65F60B75}.SingleImage|Any CPU.Build.0 = Release|Any CPU
		{43C31137-4D8A-43F5-A2EA-9617B7217DAB}.CD_ROM|Any CPU.ActiveCfg = Release|Any CPU
		{43C31137-4D8A-43F5-A2EA-9617B7217DAB}.CD_ROM|Any CPU.Build.0 = Release|Any CPU
		{43C31137-4D8A-43F5-A2EA-9617B7217DAB}.Debug|Any CPU.ActiveCfg = Debug|Any CPU
		{43C31137-4D8A-43F5-A2EA-9617B7217DAB}.Debug|Any CPU.Build.0 = Debug|Any CPU
		{43C31137-4D8A-43F5-A2EA-9617B7217DAB}.DVD-5|Any CPU.ActiveCfg = Debug|Any CPU
		{43C31137-4D8A-43F5-A2EA-9617B7217DAB}.DVD-5|Any CPU.Build.0 = Debug|Any CPU
		{43C31137-4D8A-43F5-A2EA-9617B7217DAB}.Release|Any CPU.ActiveCfg = Release|Any CPU
		{43C31137-4D8A-43F5-A2EA-9617B7217DAB}.Release|Any CPU.Build.0 = Release|Any CPU
		{43C31137-4D8A-43F5-A2EA-9617B7217DAB}.SingleImage|Any CPU.ActiveCfg = Release|Any CPU
		{43C31137-4D8A-43F5-A2EA-9617B7217DAB}.SingleImage|Any CPU.Build.0 = Release|Any CPU
		{A7C9A24D-E19B-42F5-A298-805A489334EF}.CD_ROM|Any CPU.ActiveCfg = Release|Any CPU
		{A7C9A24D-E19B-42F5-A298-805A489334EF}.CD_ROM|Any CPU.Build.0 = Release|Any CPU
		{A7C9A24D-E19B-42F5-A298-805A489334EF}.Debug|Any CPU.ActiveCfg = Debug|Any CPU
		{A7C9A24D-E19B-42F5-A298-805A489334EF}.Debug|Any CPU.Build.0 = Debug|Any CPU
		{A7C9A24D-E19B-42F5-A298-805A489334EF}.DVD-5|Any CPU.ActiveCfg = Debug|Any CPU
		{A7C9A24D-E19B-42F5-A298-805A489334EF}.DVD-5|Any CPU.Build.0 = Debug|Any CPU
		{A7C9A24D-E19B-42F5-A298-805A489334EF}.Release|Any CPU.ActiveCfg = Release|Any CPU
		{A7C9A24D-E19B-42F5-A298-805A489334EF}.Release|Any CPU.Build.0 = Release|Any CPU
		{A7C9A24D-E19B-42F5-A298-805A489334EF}.SingleImage|Any CPU.ActiveCfg = Release|Any CPU
		{A7C9A24D-E19B-42F5-A298-805A489334EF}.SingleImage|Any CPU.Build.0 = Release|Any CPU
	EndGlobalSection
	GlobalSection(SolutionProperties) = preSolution
		HideSolutionNode = FALSE
	EndGlobalSection
EndGlobal
